
Microsoft Visual Studio Solution File, Format Version 12.00
# Visual Studio Version 17
VisualStudioVersion = 17.0.31903.59
MinimumVisualStudioVersion = 10.0.40219.1
Project("{FAE04EC0-301F-11D3-BF4B-00C04F79EFBC}") = "Amaris.Core", "Amaris.Core\Amaris.Core.csproj", "{72CC2F62-33F8-4553-A7FC-E0819D239E94}"
EndProject
Project("{FAE04EC0-301F-11D3-BF4B-00C04F79EFBC}") = "Amaris.Core.Tests", "Amaris.Core.Tests\Amaris.Core.Tests.csproj", "{6A148865-23C2-4E19-99D4-7078B9EA3EE9}"
EndProject
Project("{FAE04EC0-301F-11D3-BF4B-00C04F79EFBC}") = "Amaris.Data", "Amaris.Data\Amaris.Data.csproj", "{6823EADE-D3A8-4270-90BD-EA4EFBADD29F}"
EndProject
Project("{FAE04EC0-301F-11D3-BF4B-00C04F79EFBC}") = "Amaris.Api", "Amaris.Api\Amaris.Api.csproj", "{BC97540B-D14B-4D35-869C-5001CEC3C318}"
EndProject
Global
	GlobalSection(SolutionConfigurationPlatforms) = preSolution
		Debug|Any CPU = Debug|Any CPU
		Debug|x64 = Debug|x64
		Debug|x86 = Debug|x86
		Release|Any CPU = Release|Any CPU
		Release|x64 = Release|x64
		Release|x86 = Release|x86
	EndGlobalSection
	GlobalSection(ProjectConfigurationPlatforms) = postSolution
		{72CC2F62-33F8-4553-A7FC-E0819D239E94}.Debug|Any CPU.ActiveCfg = Debug|Any CPU
		{72CC2F62-33F8-4553-A7FC-E0819D239E94}.Debug|Any CPU.Build.0 = Debug|Any CPU
		{72CC2F62-33F8-4553-A7FC-E0819D239E94}.Debug|x64.ActiveCfg = Debug|Any CPU
		{72CC2F62-33F8-4553-A7FC-E0819D239E94}.Debug|x64.Build.0 = Debug|Any CPU
		{72CC2F62-33F8-4553-A7FC-E0819D239E94}.Debug|x86.ActiveCfg = Debug|Any CPU
		{72CC2F62-33F8-4553-A7FC-E0819D239E94}.Debug|x86.Build.0 = Debug|Any CPU
		{72CC2F62-33F8-4553-A7FC-E0819D239E94}.Release|Any CPU.ActiveCfg = Release|Any CPU
		{72CC2F62-33F8-4553-A7FC-E0819D239E94}.Release|Any CPU.Build.0 = Release|Any CPU
		{72CC2F62-33F8-4553-A7FC-E0819D239E94}.Release|x64.ActiveCfg = Release|Any CPU
		{72CC2F62-33F8-4553-A7FC-E0819D239E94}.Release|x64.Build.0 = Release|Any CPU
		{72CC2F62-33F8-4553-A7FC-E0819D239E94}.Release|x86.ActiveCfg = Release|Any CPU
		{72CC2F62-33F8-4553-A7FC-E0819D239E94}.Release|x86.Build.0 = Release|Any CPU
		{6A148865-23C2-4E19-99D4-7078B9EA3EE9}.Debug|Any CPU.ActiveCfg = Debug|Any CPU
		{6A148865-23C2-4E19-99D4-7078B9EA3EE9}.Debug|Any CPU.Build.0 = Debug|Any CPU
		{6A148865-23C2-4E19-99D4-7078B9EA3EE9}.Debug|x64.ActiveCfg = Debug|Any CPU
		{6A148865-23C2-4E19-99D4-7078B9EA3EE9}.Debug|x64.Build.0 = Debug|Any CPU
		{6A148865-23C2-4E19-99D4-7078B9EA3EE9}.Debug|x86.ActiveCfg = Debug|Any CPU
		{6A148865-23C2-4E19-99D4-7078B9EA3EE9}.Debug|x86.Build.0 = Debug|Any CPU
		{6A148865-23C2-4E19-99D4-7078B9EA3EE9}.Release|Any CPU.ActiveCfg = Release|Any CPU
		{6A148865-23C2-4E19-99D4-7078B9EA3EE9}.Release|Any CPU.Build.0 = Release|Any CPU
		{6A148865-23C2-4E19-99D4-7078B9EA3EE9}.Release|x64.ActiveCfg = Release|Any CPU
		{6A148865-23C2-4E19-99D4-7078B9EA3EE9}.Release|x64.Build.0 = Release|Any CPU
		{6A148865-23C2-4E19-99D4-7078B9EA3EE9}.Release|x86.ActiveCfg = Release|Any CPU
		{6A148865-23C2-4E19-99D4-7078B9EA3EE9}.Release|x86.Build.0 = Release|Any CPU
		{6823EADE-D3A8-4270-90BD-EA4EFBADD29F}.Debug|Any CPU.ActiveCfg = Debug|Any CPU
		{6823EADE-D3A8-4270-90BD-EA4EFBADD29F}.Debug|Any CPU.Build.0 = Debug|Any CPU
		{6823EADE-D3A8-4270-90BD-EA4EFBADD29F}.Debug|x64.ActiveCfg = Debug|Any CPU
		{6823EADE-D3A8-4270-90BD-EA4EFBADD29F}.Debug|x64.Build.0 = Debug|Any CPU
		{6823EADE-D3A8-4270-90BD-EA4EFBADD29F}.Debug|x86.ActiveCfg = Debug|Any CPU
		{6823EADE-D3A8-4270-90BD-EA4EFBADD29F}.Debug|x86.Build.0 = Debug|Any CPU
		{6823EADE-D3A8-4270-90BD-EA4EFBADD29F}.Release|Any CPU.ActiveCfg = Release|Any CPU
		{6823EADE-D3A8-4270-90BD-EA4EFBADD29F}.Release|Any CPU.Build.0 = Release|Any CPU
		{6823EADE-D3A8-4270-90BD-EA4EFBADD29F}.Release|x64.ActiveCfg = Release|Any CPU
		{6823EADE-D3A8-4270-90BD-EA4EFBADD29F}.Release|x64.Build.0 = Release|Any CPU
		{6823EADE-D3A8-4270-90BD-EA4EFBADD29F}.Release|x86.ActiveCfg = Release|Any CPU
		{6823EADE-D3A8-4270-90BD-EA4EFBADD29F}.Release|x86.Build.0 = Release|Any CPU
		{BC97540B-D14B-4D35-869C-5001CEC3C318}.Debug|Any CPU.ActiveCfg = Debug|Any CPU
		{BC97540B-D14B-4D35-869C-5001CEC3C318}.Debug|Any CPU.Build.0 = Debug|Any CPU
		{BC97540B-D14B-4D35-869C-5001CEC3C318}.Debug|x64.ActiveCfg = Debug|Any CPU
		{BC97540B-D14B-4D35-869C-5001CEC3C318}.Debug|x64.Build.0 = Debug|Any CPU
		{BC97540B-D14B-4D35-869C-5001CEC3C318}.Debug|x86.ActiveCfg = Debug|Any CPU
		{BC97540B-D14B-4D35-869C-5001CEC3C318}.Debug|x86.Build.0 = Debug|Any CPU
		{BC97540B-D14B-4D35-869C-5001CEC3C318}.Release|Any CPU.ActiveCfg = Release|Any CPU
		{BC97540B-D14B-4D35-869C-5001CEC3C318}.Release|Any CPU.Build.0 = Release|Any CPU
		{BC97540B-D14B-4D35-869C-5001CEC3C318}.Release|x64.ActiveCfg = Release|Any CPU
		{BC97540B-D14B-4D35-869C-5001CEC3C318}.Release|x64.Build.0 = Release|Any CPU
		{BC97540B-D14B-4D35-869C-5001CEC3C318}.Release|x86.ActiveCfg = Release|Any CPU
		{BC97540B-D14B-4D35-869C-5001CEC3C318}.Release|x86.Build.0 = Release|Any CPU
	EndGlobalSection
	GlobalSection(SolutionProperties) = preSolution
		HideSolutionNode = FALSE
	EndGlobalSection
EndGlobal
